
Microsoft Visual Studio Solution File, Format Version 12.00
# Visual Studio Version 17
VisualStudioVersion = 17.8.34525.116
MinimumVisualStudioVersion = 10.0.40219.1
Project("{FAE04EC0-301F-11D3-BF4B-00C04F79EFBC}") = "ConsoleUI", "ConsoleUI\ConsoleUI.csproj", "{B38E7360-A01E-4F75-9C66-B180E9211FCA}"
EndProject
Global
	GlobalSection(SolutionConfigurationPlatforms) = preSolution
		Debug|Any CPU = Debug|Any CPU
		Release|Any CPU = Release|Any CPU
	EndGlobalSection
	GlobalSection(ProjectConfigurationPlatforms) = postSolution
		{B38E7360-A01E-4F75-9C66-B180E9211FCA}.Debug|Any CPU.ActiveCfg = Debug|Any CPU
		{B38E7360-A01E-4F75-9C66-B180E9211FCA}.Debug|Any CPU.Build.0 = Debug|Any CPU
		{B38E7360-A01E-4F75-9C66-B180E9211FCA}.Release|Any CPU.ActiveCfg = Release|Any CPU
		{B38E7360-A01E-4F75-9C66-B180E9211FCA}.Release|Any CPU.Build.0 = Release|Any CPU
	EndGlobalSection
	GlobalSection(SolutionProperties) = preSolution
		HideSolutionNode = FALSE
	EndGlobalSection
	GlobalSection(ExtensibilityGlobals) = postSolution
		SolutionGuid = {34F02D00-AE03-4979-84D7-7D048C2B9A3C}
	EndGlobalSection
EndGlobal
